# This file was autogenerated by Stack.
# You should not edit this file by hand.
# For more information, please see the documentation at:
#   https://docs.haskellstack.org/en/stable/lock_files

packages:
- completed:
    name: monomer
    pantry-tree:
      sha256: 971b266b84d4fa7831caad974a222f16123ac8cac56dcee768c70fe4a5cfaea9
      size: 18557
    sha256: a25e278bb3cf0302e1c5ebc6921b3e78be7d54a7e9e87082f616c7482855f566
    size: 3000956
    url: https://github.com/fjvallarino/monomer/archive/05c5d6c9b5d0649ad5da59b67cb0328fe82e7ed6.tar.gz
    version: 1.5.1.0
  original:
    url: https://github.com/fjvallarino/monomer/archive/05c5d6c9b5d0649ad5da59b67cb0328fe82e7ed6.tar.gz
snapshots:
- completed:
    sha256: 23bb9bb355bfdb1635252e120a29b712f0d5e8a6c6a65c5ab5bd6692f46c438e
    size: 640457
    url: https://raw.githubusercontent.com/commercialhaskell/stackage-snapshots/master/lts/21/7.yaml
  original: lts-21.7
